// !$*UTF8*$!
{
	archiveVersion = 1;
	classes = {
	};
	objectVersion = 46;
	objects = {

/* Begin PBXBuildFile section */
		5E775E9119BC052C0040718F /* AppDelegate.swift in Sources */ = {isa = PBXBuildFile; fileRef = 5E775E9019BC052C0040718F /* AppDelegate.swift */; };
		5E775E9319BC052C0040718F /* ViewController.swift in Sources */ = {isa = PBXBuildFile; fileRef = 5E775E9219BC052C0040718F /* ViewController.swift */; };
		5E775E9619BC052C0040718F /* Main.storyboard in Resources */ = {isa = PBXBuildFile; fileRef = 5E775E9419BC052C0040718F /* Main.storyboard */; };
		5E775E9819BC052C0040718F /* Images.xcassets in Resources */ = {isa = PBXBuildFile; fileRef = 5E775E9719BC052C0040718F /* Images.xcassets */; };
		5E775EA419BC052C0040718F /* CustomViewTransitionsTests.swift in Sources */ = {isa = PBXBuildFile; fileRef = 5E775EA319BC052C0040718F /* CustomViewTransitionsTests.swift */; };
		5E775EAE19BC088B0040718F /* TransAnimateManager.swift in Sources */ = {isa = PBXBuildFile; fileRef = 5E775EAD19BC088B0040718F /* TransAnimateManager.swift */; };
/* End PBXBuildFile section */

/* Begin PBXContainerItemProxy section */
		5E775E9E19BC052C0040718F /* PBXContainerItemProxy */ = {
			isa = PBXContainerItemProxy;
			containerPortal = 5E775E8319BC052C0040718F /* Project object */;
			proxyType = 1;
			remoteGlobalIDString = 5E775E8A19BC052C0040718F;
			remoteInfo = CustomViewTransitions;
		};
/* End PBXContainerItemProxy section */

/* Begin PBXFileReference section */
		5E775E8B19BC052C0040718F /* CustomViewTransitions.app */ = {isa = PBXFileReference; explicitFileType = wrapper.application; includeInIndex = 0; path = CustomViewTransitions.app; sourceTree = BUILT_PRODUCTS_DIR; };
		5E775E8F19BC052C0040718F /* Info.plist */ = {isa = PBXFileReference; lastKnownFileType = text.plist.xml; path = Info.plist; sourceTree = "<group>"; };
		5E775E9019BC052C0040718F /* AppDelegate.swift */ = {isa = PBXFileReference; lastKnownFileType = sourcecode.swift; path = AppDelegate.swift; sourceTree = "<group>"; };
		5E775E9219BC052C0040718F /* ViewController.swift */ = {isa = PBXFileReference; lastKnownFileType = sourcecode.swift; path = ViewController.swift; sourceTree = "<group>"; };
		5E775E9519BC052C0040718F /* Base */ = {isa = PBXFileReference; lastKnownFileType = file.storyboard; name = Base; path = Base.lproj/Main.storyboard; sourceTree = "<group>"; };
		5E775E9719BC052C0040718F /* Images.xcassets */ = {isa = PBXFileReference; lastKnownFileType = folder.assetcatalog; path = Images.xcassets; sourceTree = "<group>"; };
		5E775E9D19BC052C0040718F /* CustomViewTransitionsTests.xctest */ = {isa = PBXFileReference; explicitFileType = wrapper.cfbundle; includeInIndex = 0; path = CustomViewTransitionsTests.xctest; sourceTree = BUILT_PRODUCTS_DIR; };
		5E775EA219BC052C0040718F /* Info.plist */ = {isa = PBXFileReference; lastKnownFileType = text.plist.xml; path = Info.plist; sourceTree = "<group>"; };
		5E775EA319BC052C0040718F /* CustomViewTransitionsTests.swift */ = {isa = PBXFileReference; lastKnownFileType = sourcecode.swift; path = CustomViewTransitionsTests.swift; sourceTree = "<group>"; };
		5E775EAD19BC088B0040718F /* TransAnimateManager.swift */ = {isa = PBXFileReference; fileEncoding = 4; lastKnownFileType = sourcecode.swift; path = TransAnimateManager.swift; sourceTree = "<group>"; };
/* End PBXFileReference section */

/* Begin PBXFrameworksBuildPhase section */
		5E775E8819BC052C0040718F /* Frameworks */ = {
			isa = PBXFrameworksBuildPhase;
			buildActionMask = 2147483647;
			files = (
			);
			runOnlyForDeploymentPostprocessing = 0;
		};
		5E775E9A19BC052C0040718F /* Frameworks */ = {
			isa = PBXFrameworksBuildPhase;
			buildActionMask = 2147483647;
			files = (
			);
			runOnlyForDeploymentPostprocessing = 0;
		};
/* End PBXFrameworksBuildPhase section */

/* Begin PBXGroup section */
		5E775E8219BC052C0040718F = {
			isa = PBXGroup;
			children = (
				5E775E8D19BC052C0040718F /* CustomViewTransitions */,
				5E775EA019BC052C0040718F /* CustomViewTransitionsTests */,
				5E775E8C19BC052C0040718F /* Products */,
			);
			sourceTree = "<group>";
		};
		5E775E8C19BC052C0040718F /* Products */ = {
			isa = PBXGroup;
			children = (
				5E775E8B19BC052C0040718F /* CustomViewTransitions.app */,
				5E775E9D19BC052C0040718F /* CustomViewTransitionsTests.xctest */,
			);
			name = Products;
			sourceTree = "<group>";
		};
		5E775E8D19BC052C0040718F /* CustomViewTransitions */ = {
			isa = PBXGroup;
			children = (
				5E775E9019BC052C0040718F /* AppDelegate.swift */,
				5E775E9219BC052C0040718F /* ViewController.swift */,
				5E775E9419BC052C0040718F /* Main.storyboard */,
				5E775EAD19BC088B0040718F /* TransAnimateManager.swift */,
				5E775E9719BC052C0040718F /* Images.xcassets */,
				5E775E8E19BC052C0040718F /* Supporting Files */,
			);
			path = CustomViewTransitions;
			sourceTree = "<group>";
		};
		5E775E8E19BC052C0040718F /* Supporting Files */ = {
			isa = PBXGroup;
			children = (
				5E775E8F19BC052C0040718F /* Info.plist */,
			);
			name = "Supporting Files";
			sourceTree = "<group>";
		};
		5E775EA019BC052C0040718F /* CustomViewTransitionsTests */ = {
			isa = PBXGroup;
			children = (
				5E775EA319BC052C0040718F /* CustomViewTransitionsTests.swift */,
				5E775EA119BC052C0040718F /* Supporting Files */,
			);
			path = CustomViewTransitionsTests;
			sourceTree = "<group>";
		};
		5E775EA119BC052C0040718F /* Supporting Files */ = {
			isa = PBXGroup;
			children = (
				5E775EA219BC052C0040718F /* Info.plist */,
			);
			name = "Supporting Files";
			sourceTree = "<group>";
		};
/* End PBXGroup section */

/* Begin PBXNativeTarget section */
		5E775E8A19BC052C0040718F /* CustomViewTransitions */ = {
			isa = PBXNativeTarget;
			buildConfigurationList = 5E775EA719BC052C0040718F /* Build configuration list for PBXNativeTarget "CustomViewTransitions" */;
			buildPhases = (
				5E775E8719BC052C0040718F /* Sources */,
				5E775E8819BC052C0040718F /* Frameworks */,
				5E775E8919BC052C0040718F /* Resources */,
			);
			buildRules = (
			);
			dependencies = (
			);
			name = CustomViewTransitions;
			productName = CustomViewTransitions;
			productReference = 5E775E8B19BC052C0040718F /* CustomViewTransitions.app */;
			productType = "com.apple.product-type.application";
		};
		5E775E9C19BC052C0040718F /* CustomViewTransitionsTests */ = {
			isa = PBXNativeTarget;
			buildConfigurationList = 5E775EAA19BC052C0040718F /* Build configuration list for PBXNativeTarget "CustomViewTransitionsTests" */;
			buildPhases = (
				5E775E9919BC052C0040718F /* Sources */,
				5E775E9A19BC052C0040718F /* Frameworks */,
				5E775E9B19BC052C0040718F /* Resources */,
			);
			buildRules = (
			);
			dependencies = (
				5E775E9F19BC052C0040718F /* PBXTargetDependency */,
			);
			name = CustomViewTransitionsTests;
			productName = CustomViewTransitionsTests;
			productReference = 5E775E9D19BC052C0040718F /* CustomViewTransitionsTests.xctest */;
			productType = "com.apple.product-type.bundle.unit-test";
		};
/* End PBXNativeTarget section */

/* Begin PBXProject section */
		5E775E8319BC052C0040718F /* Project object */ = {
			isa = PBXProject;
			attributes = {
				LastUpgradeCheck = 0600;
				ORGANIZATIONNAME = "Edward Salter";
				TargetAttributes = {
					5E775E8A19BC052C0040718F = {
						CreatedOnToolsVersion = 6.0;
					};
					5E775E9C19BC052C0040718F = {
						CreatedOnToolsVersion = 6.0;
						TestTargetID = 5E775E8A19BC052C0040718F;
					};
				};
			};
			buildConfigurationList = 5E775E8619BC052C0040718F /* Build configuration list for PBXProject "CustomViewTransitions" */;
			compatibilityVersion = "Xcode 3.2";
			developmentRegion = English;
			hasScannedForEncodings = 0;
			knownRegions = (
				en,
				Base,
			);
			mainGroup = 5E775E8219BC052C0040718F;
			productRefGroup = 5E775E8C19BC052C0040718F /* Products */;
			projectDirPath = "";
			projectRoot = "";
			targets = (
				5E775E8A19BC052C0040718F /* CustomViewTransitions */,
				5E775E9C19BC052C0040718F /* CustomViewTransitionsTests */,
			);
		};
/* End PBXProject section */

/* Begin PBXResourcesBuildPhase section */
		5E775E8919BC052C0040718F /* Resources */ = {
			isa = PBXResourcesBuildPhase;
			buildActionMask = 2147483647;
			files = (
				5E775E9619BC052C0040718F /* Main.storyboard in Resources */,
				5E775E9819BC052C0040718F /* Images.xcassets in Resources */,
			);
			runOnlyForDeploymentPostprocessing = 0;
		};
		5E775E9B19BC052C0040718F /* Resources */ = {
			isa = PBXResourcesBuildPhase;
			buildActionMask = 2147483647;
			files = (
			);
			runOnlyForDeploymentPostprocessing = 0;
		};
/* End PBXResourcesBuildPhase section */

/* Begin PBXSourcesBuildPhase section */
		5E775E8719BC052C0040718F /* Sources */ = {
			isa = PBXSourcesBuildPhase;
			buildActionMask = 2147483647;
			files = (
				5E775E9319BC052C0040718F /* ViewController.swift in Sources */,
				5E775EAE19BC088B0040718F /* TransAnimateManager.swift in Sources */,
				5E775E9119BC052C0040718F /* AppDelegate.swift in Sources */,
			);
			runOnlyForDeploymentPostprocessing = 0;
		};
		5E775E9919BC052C0040718F /* Sources */ = {
			isa = PBXSourcesBuildPhase;
			buildActionMask = 2147483647;
			files = (
				5E775EA419BC052C0040718F /* CustomViewTransitionsTests.swift in Sources */,
			);
			runOnlyForDeploymentPostprocessing = 0;
		};
/* End PBXSourcesBuildPhase section */

/* Begin PBXTargetDependency section */
		5E775E9F19BC052C0040718F /* PBXTargetDependency */ = {
			isa = PBXTargetDependency;
			target = 5E775E8A19BC052C0040718F /* CustomViewTransitions */;
			targetProxy = 5E775E9E19BC052C0040718F /* PBXContainerItemProxy */;
		};
/* End PBXTargetDependency section */

/* Begin PBXVariantGroup section */
		5E775E9419BC052C0040718F /* Main.storyboard */ = {
			isa = PBXVariantGroup;
			children = (
				5E775E9519BC052C0040718F /* Base */,
			);
			name = Main.storyboard;
			sourceTree = "<group>";
		};
/* End PBXVariantGroup section */

/* Begin XCBuildConfiguration section */
		5E775EA519BC052C0040718F /* Debug */ = {
			isa = XCBuildConfiguration;
			buildSettings = {
				ALWAYS_SEARCH_USER_PATHS = NO;
				CLANG_CXX_LANGUAGE_STANDARD = "gnu++0x";
				CLANG_CXX_LIBRARY = "libc++";
				CLANG_ENABLE_MODULES = YES;
				CLANG_ENABLE_OBJC_ARC = YES;
				CLANG_WARN_BOOL_CONVERSION = YES;
				CLANG_WARN_CONSTANT_CONVERSION = YES;
				CLANG_WARN_DIRECT_OBJC_ISA_USAGE = YES_ERROR;
				CLANG_WARN_EMPTY_BODY = YES;
				CLANG_WARN_ENUM_CONVERSION = YES;
				CLANG_WARN_INT_CONVERSION = YES;
				CLANG_WARN_OBJC_ROOT_CLASS = YES_ERROR;
				CLANG_WARN_UNREACHABLE_CODE = YES;
				CLANG_WARN__DUPLICATE_METHOD_MATCH = YES;
				"CODE_SIGN_IDENTITY[sdk=iphoneos*]" = "iPhone Developer";
				COPY_PHASE_STRIP = NO;
				ENABLE_STRICT_OBJC_MSGSEND = YES;
				GCC_C_LANGUAGE_STANDARD = gnu99;
				GCC_DYNAMIC_NO_PIC = NO;
				GCC_OPTIMIZATION_LEVEL = 0;
				GCC_PREPROCESSOR_DEFINITIONS = (
					"DEBUG=1",
					"$(inherited)",
				);
				GCC_SYMBOLS_PRIVATE_EXTERN = NO;
				GCC_WARN_64_TO_32_BIT_CONVERSION = YES;
				GCC_WARN_ABOUT_RETURN_TYPE = YES_ERROR;
				GCC_WARN_UNDECLARED_SELECTOR = YES;
				GCC_WARN_UNINITIALIZED_AUTOS = YES_AGGRESSIVE;
				GCC_WARN_UNUSED_FUNCTION = YES;
				GCC_WARN_UNUSED_VARIABLE = YES;
				IPHONEOS_DEPLOYMENT_TARGET = 8.0;
				MTL_ENABLE_DEBUG_INFO = YES;
				ONLY_ACTIVE_ARCH = YES;
				SDKROOT = iphoneos;
				SWIFT_OPTIMIZATION_LEVEL = "-Onone";
			};
			name = Debug;
		};
		5E775EA619BC052C0040718F /* Release */ = {
			isa = XCBuildConfiguration;
			buildSettings = {
				ALWAYS_SEARCH_USER_PATHS = NO;
				CLANG_CXX_LANGUAGE_STANDARD = "gnu++0x";
				CLANG_CXX_LIBRARY = "libc++";
				CLANG_ENABLE_MODULES = YES;
				CLANG_ENABLE_OBJC_ARC = YES;
				CLANG_WARN_BOOL_CONVERSION = YES;
				CLANG_WARN_CONSTANT_CONVERSION = YES;
				CLANG_WARN_DIRECT_OBJC_ISA_USAGE = YES_ERROR;
				CLANG_WARN_EMPTY_BODY = YES;
				CLANG_WARN_ENUM_CONVERSION = YES;
				CLANG_WARN_INT_CONVERSION = YES;
				CLANG_WARN_OBJC_ROOT_CLASS = YES_ERROR;
				CLANG_WARN_UNREACHABLE_CODE = YES;
				CLANG_WARN__DUPLICATE_METHOD_MATCH = YES;
				"CODE_SIGN_IDENTITY[sdk=iphoneos*]" = "iPhone Developer";
				COPY_PHASE_STRIP = YES;
				ENABLE_NS_ASSERTIONS = NO;
				ENABLE_STRICT_OBJC_MSGSEND = YES;
				GCC_C_LANGUAGE_STANDARD = gnu99;
				GCC_WARN_64_TO_32_BIT_CONVERSION = YES;
				GCC_WARN_ABOUT_RETURN_TYPE = YES_ERROR;
				GCC_WARN_UNDECLARED_SELECTOR = YES;
				GCC_WARN_UNINITIALIZED_AUTOS = YES_AGGRESSIVE;
				GCC_WARN_UNUSED_FUNCTION = YES;
				GCC_WARN_UNUSED_VARIABLE = YES;
				IPHONEOS_DEPLOYMENT_TARGET = 8.0;
				MTL_ENABLE_DEBUG_INFO = NO;
				SDKROOT = iphoneos;
				VALIDATE_PRODUCT = YES;
			};
			name = Release;
		};
		5E775EA819BC052C0040718F /* Debug */ = {
			isa = XCBuildConfiguration;
			buildSettings = {
				ASSETCATALOG_COMPILER_APPICON_NAME = AppIcon;
				ASSETCATALOG_COMPILER_LAUNCHIMAGE_NAME = LaunchImage;
				INFOPLIST_FILE = CustomViewTransitions/Info.plist;
				LD_RUNPATH_SEARCH_PATHS = "$(inherited) @executable_path/Frameworks";
				PRODUCT_NAME = "$(TARGET_NAME)";
			};
			name = Debug;
		};
		5E775EA919BC052C0040718F /* Release */ = {
			isa = XCBuildConfiguration;
			buildSettings = {
				ASSETCATALOG_COMPILER_APPICON_NAME = AppIcon;
				ASSETCATALOG_COMPILER_LAUNCHIMAGE_NAME = LaunchImage;
				INFOPLIST_FILE = CustomViewTransitions/Info.plist;
				LD_RUNPATH_SEARCH_PATHS = "$(inherited) @executable_path/Frameworks";
				PRODUCT_NAME = "$(TARGET_NAME)";
			};
			name = Release;
		};
		5E775EAB19BC052C0040718F /* Debug */ = {
			isa = XCBuildConfiguration;
			buildSettings = {
				BUNDLE_LOADER = "$(TEST_HOST)";
				FRAMEWORK_SEARCH_PATHS = (
					"$(SDKROOT)/Developer/Library/Frameworks",
					"$(inherited)",
				);
				GCC_PREPROCESSOR_DEFINITIONS = (
					"DEBUG=1",
					"$(inherited)",
				);
				INFOPLIST_FILE = CustomViewTransitionsTests/Info.plist;
				LD_RUNPATH_SEARCH_PATHS = "$(inherited) @executable_path/Frameworks @loader_path/Frameworks";
				PRODUCT_NAME = "$(TARGET_NAME)";
				TEST_HOST = "$(BUILT_PRODUCTS_DIR)/CustomViewTransitions.app/CustomViewTransitions";
			};
			name = Debug;
		};
		5E775EAC19BC052C0040718F /* Release */ = {
			isa = XCBuildConfiguration;
			buildSettings = {
				BUNDLE_LOADER = "$(TEST_HOST)";
				FRAMEWORK_SEARCH_PATHS = (
					"$(SDKROOT)/Developer/Library/Frameworks",
					"$(inherited)",
				);
				INFOPLIST_FILE = CustomViewTransitionsTests/Info.plist;
				LD_RUNPATH_SEARCH_PATHS = "$(inherited) @executable_path/Frameworks @loader_path/Frameworks";
				PRODUCT_NAME = "$(TARGET_NAME)";
				TEST_HOST = "$(BUILT_PRODUCTS_DIR)/CustomViewTransitions.app/CustomViewTransitions";
			};
			name = Release;
		};
/* End XCBuildConfiguration section */

/* Begin XCConfigurationList section */
		5E775E8619BC052C0040718F /* Build configuration list for PBXProject "CustomViewTransitions" */ = {
			isa = XCConfigurationList;
			buildConfigurations = (
				5E775EA519BC052C0040718F /* Debug */,
				5E775EA619BC052C0040718F /* Release */,
			);
			defaultConfigurationIsVisible = 0;
			defaultConfigurationName = Release;
		};
		5E775EA719BC052C0040718F /* Build configuration list for PBXNativeTarget "CustomViewTransitions" */ = {
			isa = XCConfigurationList;
			buildConfigurations = (
				5E775EA819BC052C0040718F /* Debug */,
				5E775EA919BC052C0040718F /* Release */,
			);
			defaultConfigurationIsVisible = 0;
		};
		5E775EAA19BC052C0040718F /* Build configuration list for PBXNativeTarget "CustomViewTransitionsTests" */ = {
			isa = XCConfigurationList;
			buildConfigurations = (
				5E775EAB19BC052C0040718F /* Debug */,
				5E775EAC19BC052C0040718F /* Release */,
			);
			defaultConfigurationIsVisible = 0;
		};
/* End XCConfigurationList section */
	};
	rootObject = 5E775E8319BC052C0040718F /* Project object */;
}
