// !$*UTF8*$!
{
	archiveVersion = 1;
	classes = {
	};
	objectVersion = 46;
	objects = {

/* Begin PBXBuildFile section */
		5E4992FC1993C55E008C9DE7 /* AppDelegate.swift in Sources */ = {isa = PBXBuildFile; fileRef = 5E4992FB1993C55E008C9DE7 /* AppDelegate.swift */; };
		5E4992FE1993C55E008C9DE7 /* ViewController.swift in Sources */ = {isa = PBXBuildFile; fileRef = 5E4992FD1993C55E008C9DE7 /* ViewController.swift */; };
		5E4993011993C55E008C9DE7 /* Main.storyboard in Resources */ = {isa = PBXBuildFile; fileRef = 5E4992FF1993C55E008C9DE7 /* Main.storyboard */; };
		5E4993031993C55E008C9DE7 /* Images.xcassets in Resources */ = {isa = PBXBuildFile; fileRef = 5E4993021993C55E008C9DE7 /* Images.xcassets */; };
		5E49930F1993C55E008C9DE7 /* HelloMetalTests.swift in Sources */ = {isa = PBXBuildFile; fileRef = 5E49930E1993C55E008C9DE7 /* HelloMetalTests.swift */; };
		5E4993191993C57B008C9DE7 /* Metal.framework in Frameworks */ = {isa = PBXBuildFile; fileRef = 5E4993181993C57B008C9DE7 /* Metal.framework */; };
		5E49931B1993C584008C9DE7 /* QuartzCore.framework in Frameworks */ = {isa = PBXBuildFile; fileRef = 5E49931A1993C584008C9DE7 /* QuartzCore.framework */; };
		5E49931D1993C8A4008C9DE7 /* Shaders.metal in Sources */ = {isa = PBXBuildFile; fileRef = 5E49931C1993C8A4008C9DE7 /* Shaders.metal */; };
/* End PBXBuildFile section */

/* Begin PBXContainerItemProxy section */
		5E4993091993C55E008C9DE7 /* PBXContainerItemProxy */ = {
			isa = PBXContainerItemProxy;
			containerPortal = 5E4992EE1993C55E008C9DE7 /* Project object */;
			proxyType = 1;
			remoteGlobalIDString = 5E4992F51993C55E008C9DE7;
			remoteInfo = HelloMetal;
		};
/* End PBXContainerItemProxy section */

/* Begin PBXFileReference section */
		5E4992F61993C55E008C9DE7 /* HelloMetal.app */ = {isa = PBXFileReference; explicitFileType = wrapper.application; includeInIndex = 0; path = HelloMetal.app; sourceTree = BUILT_PRODUCTS_DIR; };
		5E4992FA1993C55E008C9DE7 /* Info.plist */ = {isa = PBXFileReference; lastKnownFileType = text.plist.xml; path = Info.plist; sourceTree = "<group>"; };
		5E4992FB1993C55E008C9DE7 /* AppDelegate.swift */ = {isa = PBXFileReference; lastKnownFileType = sourcecode.swift; path = AppDelegate.swift; sourceTree = "<group>"; };
		5E4992FD1993C55E008C9DE7 /* ViewController.swift */ = {isa = PBXFileReference; lastKnownFileType = sourcecode.swift; path = ViewController.swift; sourceTree = "<group>"; };
		5E4993001993C55E008C9DE7 /* Base */ = {isa = PBXFileReference; lastKnownFileType = file.storyboard; name = Base; path = Base.lproj/Main.storyboard; sourceTree = "<group>"; };
		5E4993021993C55E008C9DE7 /* Images.xcassets */ = {isa = PBXFileReference; lastKnownFileType = folder.assetcatalog; path = Images.xcassets; sourceTree = "<group>"; };
		5E4993081993C55E008C9DE7 /* HelloMetalTests.xctest */ = {isa = PBXFileReference; explicitFileType = wrapper.cfbundle; includeInIndex = 0; path = HelloMetalTests.xctest; sourceTree = BUILT_PRODUCTS_DIR; };
		5E49930D1993C55E008C9DE7 /* Info.plist */ = {isa = PBXFileReference; lastKnownFileType = text.plist.xml; path = Info.plist; sourceTree = "<group>"; };
		5E49930E1993C55E008C9DE7 /* HelloMetalTests.swift */ = {isa = PBXFileReference; lastKnownFileType = sourcecode.swift; path = HelloMetalTests.swift; sourceTree = "<group>"; };
		5E4993181993C57B008C9DE7 /* Metal.framework */ = {isa = PBXFileReference; lastKnownFileType = wrapper.framework; name = Metal.framework; path = System/Library/Frameworks/Metal.framework; sourceTree = SDKROOT; };
		5E49931A1993C584008C9DE7 /* QuartzCore.framework */ = {isa = PBXFileReference; lastKnownFileType = wrapper.framework; name = QuartzCore.framework; path = System/Library/Frameworks/QuartzCore.framework; sourceTree = SDKROOT; };
		5E49931C1993C8A4008C9DE7 /* Shaders.metal */ = {isa = PBXFileReference; fileEncoding = 4; lastKnownFileType = sourcecode.metal; path = Shaders.metal; sourceTree = "<group>"; };
/* End PBXFileReference section */

/* Begin PBXFrameworksBuildPhase section */
		5E4992F31993C55E008C9DE7 /* Frameworks */ = {
			isa = PBXFrameworksBuildPhase;
			buildActionMask = 2147483647;
			files = (
				5E49931B1993C584008C9DE7 /* QuartzCore.framework in Frameworks */,
				5E4993191993C57B008C9DE7 /* Metal.framework in Frameworks */,
			);
			runOnlyForDeploymentPostprocessing = 0;
		};
		5E4993051993C55E008C9DE7 /* Frameworks */ = {
			isa = PBXFrameworksBuildPhase;
			buildActionMask = 2147483647;
			files = (
			);
			runOnlyForDeploymentPostprocessing = 0;
		};
/* End PBXFrameworksBuildPhase section */

/* Begin PBXGroup section */
		5E4992ED1993C55E008C9DE7 = {
			isa = PBXGroup;
			children = (
				5E49931A1993C584008C9DE7 /* QuartzCore.framework */,
				5E4993181993C57B008C9DE7 /* Metal.framework */,
				5E4992F81993C55E008C9DE7 /* HelloMetal */,
				5E49930B1993C55E008C9DE7 /* HelloMetalTests */,
				5E4992F71993C55E008C9DE7 /* Products */,
			);
			sourceTree = "<group>";
		};
		5E4992F71993C55E008C9DE7 /* Products */ = {
			isa = PBXGroup;
			children = (
				5E4992F61993C55E008C9DE7 /* HelloMetal.app */,
				5E4993081993C55E008C9DE7 /* HelloMetalTests.xctest */,
			);
			name = Products;
			sourceTree = "<group>";
		};
		5E4992F81993C55E008C9DE7 /* HelloMetal */ = {
			isa = PBXGroup;
			children = (
				5E4992FB1993C55E008C9DE7 /* AppDelegate.swift */,
				5E4992FD1993C55E008C9DE7 /* ViewController.swift */,
				5E49931C1993C8A4008C9DE7 /* Shaders.metal */,
				5E4992FF1993C55E008C9DE7 /* Main.storyboard */,
				5E4993021993C55E008C9DE7 /* Images.xcassets */,
				5E4992F91993C55E008C9DE7 /* Supporting Files */,
			);
			path = HelloMetal;
			sourceTree = "<group>";
		};
		5E4992F91993C55E008C9DE7 /* Supporting Files */ = {
			isa = PBXGroup;
			children = (
				5E4992FA1993C55E008C9DE7 /* Info.plist */,
			);
			name = "Supporting Files";
			sourceTree = "<group>";
		};
		5E49930B1993C55E008C9DE7 /* HelloMetalTests */ = {
			isa = PBXGroup;
			children = (
				5E49930E1993C55E008C9DE7 /* HelloMetalTests.swift */,
				5E49930C1993C55E008C9DE7 /* Supporting Files */,
			);
			path = HelloMetalTests;
			sourceTree = "<group>";
		};
		5E49930C1993C55E008C9DE7 /* Supporting Files */ = {
			isa = PBXGroup;
			children = (
				5E49930D1993C55E008C9DE7 /* Info.plist */,
			);
			name = "Supporting Files";
			sourceTree = "<group>";
		};
/* End PBXGroup section */

/* Begin PBXNativeTarget section */
		5E4992F51993C55E008C9DE7 /* HelloMetal */ = {
			isa = PBXNativeTarget;
			buildConfigurationList = 5E4993121993C55E008C9DE7 /* Build configuration list for PBXNativeTarget "HelloMetal" */;
			buildPhases = (
				5E4992F21993C55E008C9DE7 /* Sources */,
				5E4992F31993C55E008C9DE7 /* Frameworks */,
				5E4992F41993C55E008C9DE7 /* Resources */,
			);
			buildRules = (
			);
			dependencies = (
			);
			name = HelloMetal;
			productName = HelloMetal;
			productReference = 5E4992F61993C55E008C9DE7 /* HelloMetal.app */;
			productType = "com.apple.product-type.application";
		};
		5E4993071993C55E008C9DE7 /* HelloMetalTests */ = {
			isa = PBXNativeTarget;
			buildConfigurationList = 5E4993151993C55E008C9DE7 /* Build configuration list for PBXNativeTarget "HelloMetalTests" */;
			buildPhases = (
				5E4993041993C55E008C9DE7 /* Sources */,
				5E4993051993C55E008C9DE7 /* Frameworks */,
				5E4993061993C55E008C9DE7 /* Resources */,
			);
			buildRules = (
			);
			dependencies = (
				5E49930A1993C55E008C9DE7 /* PBXTargetDependency */,
			);
			name = HelloMetalTests;
			productName = HelloMetalTests;
			productReference = 5E4993081993C55E008C9DE7 /* HelloMetalTests.xctest */;
			productType = "com.apple.product-type.bundle.unit-test";
		};
/* End PBXNativeTarget section */

/* Begin PBXProject section */
		5E4992EE1993C55E008C9DE7 /* Project object */ = {
			isa = PBXProject;
			attributes = {
				LastUpgradeCheck = 0940;
				ORGANIZATIONNAME = "Edward Salter";
				TargetAttributes = {
					5E4992F51993C55E008C9DE7 = {
						CreatedOnToolsVersion = 6.0;
					};
					5E4993071993C55E008C9DE7 = {
						CreatedOnToolsVersion = 6.0;
						TestTargetID = 5E4992F51993C55E008C9DE7;
					};
				};
			};
			buildConfigurationList = 5E4992F11993C55E008C9DE7 /* Build configuration list for PBXProject "HelloMetal" */;
			compatibilityVersion = "Xcode 3.2";
			developmentRegion = English;
			hasScannedForEncodings = 0;
			knownRegions = (
				en,
				Base,
			);
			mainGroup = 5E4992ED1993C55E008C9DE7;
			productRefGroup = 5E4992F71993C55E008C9DE7 /* Products */;
			projectDirPath = "";
			projectRoot = "";
			targets = (
				5E4992F51993C55E008C9DE7 /* HelloMetal */,
				5E4993071993C55E008C9DE7 /* HelloMetalTests */,
			);
		};
/* End PBXProject section */

/* Begin PBXResourcesBuildPhase section */
		5E4992F41993C55E008C9DE7 /* Resources */ = {
			isa = PBXResourcesBuildPhase;
			buildActionMask = 2147483647;
			files = (
				5E4993011993C55E008C9DE7 /* Main.storyboard in Resources */,
				5E4993031993C55E008C9DE7 /* Images.xcassets in Resources */,
			);
			runOnlyForDeploymentPostprocessing = 0;
		};
		5E4993061993C55E008C9DE7 /* Resources */ = {
			isa = PBXResourcesBuildPhase;
			buildActionMask = 2147483647;
			files = (
			);
			runOnlyForDeploymentPostprocessing = 0;
		};
/* End PBXResourcesBuildPhase section */

/* Begin PBXSourcesBuildPhase section */
		5E4992F21993C55E008C9DE7 /* Sources */ = {
			isa = PBXSourcesBuildPhase;
			buildActionMask = 2147483647;
			files = (
				5E49931D1993C8A4008C9DE7 /* Shaders.metal in Sources */,
				5E4992FE1993C55E008C9DE7 /* ViewController.swift in Sources */,
				5E4992FC1993C55E008C9DE7 /* AppDelegate.swift in Sources */,
			);
			runOnlyForDeploymentPostprocessing = 0;
		};
		5E4993041993C55E008C9DE7 /* Sources */ = {
			isa = PBXSourcesBuildPhase;
			buildActionMask = 2147483647;
			files = (
				5E49930F1993C55E008C9DE7 /* HelloMetalTests.swift in Sources */,
			);
			runOnlyForDeploymentPostprocessing = 0;
		};
/* End PBXSourcesBuildPhase section */

/* Begin PBXTargetDependency section */
		5E49930A1993C55E008C9DE7 /* PBXTargetDependency */ = {
			isa = PBXTargetDependency;
			target = 5E4992F51993C55E008C9DE7 /* HelloMetal */;
			targetProxy = 5E4993091993C55E008C9DE7 /* PBXContainerItemProxy */;
		};
/* End PBXTargetDependency section */

/* Begin PBXVariantGroup section */
		5E4992FF1993C55E008C9DE7 /* Main.storyboard */ = {
			isa = PBXVariantGroup;
			children = (
				5E4993001993C55E008C9DE7 /* Base */,
			);
			name = Main.storyboard;
			sourceTree = "<group>";
		};
/* End PBXVariantGroup section */

/* Begin XCBuildConfiguration section */
		5E4993101993C55E008C9DE7 /* Debug */ = {
			isa = XCBuildConfiguration;
			buildSettings = {
				ALWAYS_SEARCH_USER_PATHS = NO;
				CLANG_CXX_LANGUAGE_STANDARD = "gnu++0x";
				CLANG_CXX_LIBRARY = "libc++";
				CLANG_ENABLE_MODULES = YES;
				CLANG_ENABLE_OBJC_ARC = YES;
				CLANG_WARN_BLOCK_CAPTURE_AUTORELEASING = YES;
				CLANG_WARN_BOOL_CONVERSION = YES;
				CLANG_WARN_COMMA = YES;
				CLANG_WARN_CONSTANT_CONVERSION = YES;
				CLANG_WARN_DEPRECATED_OBJC_IMPLEMENTATIONS = YES;
				CLANG_WARN_DIRECT_OBJC_ISA_USAGE = YES_ERROR;
				CLANG_WARN_EMPTY_BODY = YES;
				CLANG_WARN_ENUM_CONVERSION = YES;
				CLANG_WARN_INFINITE_RECURSION = YES;
				CLANG_WARN_INT_CONVERSION = YES;
				CLANG_WARN_NON_LITERAL_NULL_CONVERSION = YES;
				CLANG_WARN_OBJC_IMPLICIT_RETAIN_SELF = YES;
				CLANG_WARN_OBJC_LITERAL_CONVERSION = YES;
				CLANG_WARN_OBJC_ROOT_CLASS = YES_ERROR;
				CLANG_WARN_RANGE_LOOP_ANALYSIS = YES;
				CLANG_WARN_STRICT_PROTOTYPES = YES;
				CLANG_WARN_SUSPICIOUS_MOVE = YES;
				CLANG_WARN_UNREACHABLE_CODE = YES;
				CLANG_WARN__DUPLICATE_METHOD_MATCH = YES;
				"CODE_SIGN_IDENTITY[sdk=iphoneos*]" = "iPhone Developer";
				COPY_PHASE_STRIP = NO;
				ENABLE_STRICT_OBJC_MSGSEND = YES;
				ENABLE_TESTABILITY = YES;
				GCC_C_LANGUAGE_STANDARD = gnu99;
				GCC_DYNAMIC_NO_PIC = NO;
				GCC_NO_COMMON_BLOCKS = YES;
				GCC_OPTIMIZATION_LEVEL = 0;
				GCC_PREPROCESSOR_DEFINITIONS = (
					"DEBUG=1",
					"$(inherited)",
				);
				GCC_SYMBOLS_PRIVATE_EXTERN = NO;
				GCC_WARN_64_TO_32_BIT_CONVERSION = YES;
				GCC_WARN_ABOUT_RETURN_TYPE = YES_ERROR;
				GCC_WARN_UNDECLARED_SELECTOR = YES;
				GCC_WARN_UNINITIALIZED_AUTOS = YES_AGGRESSIVE;
				GCC_WARN_UNUSED_FUNCTION = YES;
				GCC_WARN_UNUSED_VARIABLE = YES;
				IPHONEOS_DEPLOYMENT_TARGET = 10.0;
				MTL_ENABLE_DEBUG_INFO = YES;
				ONLY_ACTIVE_ARCH = YES;
				SDKROOT = iphoneos;
				SWIFT_OPTIMIZATION_LEVEL = "-Onone";
				TARGETED_DEVICE_FAMILY = "1,2";
			};
			name = Debug;
		};
		5E4993111993C55E008C9DE7 /* Release */ = {
			isa = XCBuildConfiguration;
			buildSettings = {
				ALWAYS_SEARCH_USER_PATHS = NO;
				CLANG_CXX_LANGUAGE_STANDARD = "gnu++0x";
				CLANG_CXX_LIBRARY = "libc++";
				CLANG_ENABLE_MODULES = YES;
				CLANG_ENABLE_OBJC_ARC = YES;
				CLANG_WARN_BLOCK_CAPTURE_AUTORELEASING = YES;
				CLANG_WARN_BOOL_CONVERSION = YES;
				CLANG_WARN_COMMA = YES;
				CLANG_WARN_CONSTANT_CONVERSION = YES;
				CLANG_WARN_DEPRECATED_OBJC_IMPLEMENTATIONS = YES;
				CLANG_WARN_DIRECT_OBJC_ISA_USAGE = YES_ERROR;
				CLANG_WARN_EMPTY_BODY = YES;
				CLANG_WARN_ENUM_CONVERSION = YES;
				CLANG_WARN_INFINITE_RECURSION = YES;
				CLANG_WARN_INT_CONVERSION = YES;
				CLANG_WARN_NON_LITERAL_NULL_CONVERSION = YES;
				CLANG_WARN_OBJC_IMPLICIT_RETAIN_SELF = YES;
				CLANG_WARN_OBJC_LITERAL_CONVERSION = YES;
				CLANG_WARN_OBJC_ROOT_CLASS = YES_ERROR;
				CLANG_WARN_RANGE_LOOP_ANALYSIS = YES;
				CLANG_WARN_STRICT_PROTOTYPES = YES;
				CLANG_WARN_SUSPICIOUS_MOVE = YES;
				CLANG_WARN_UNREACHABLE_CODE = YES;
				CLANG_WARN__DUPLICATE_METHOD_MATCH = YES;
				"CODE_SIGN_IDENTITY[sdk=iphoneos*]" = "iPhone Developer";
				COPY_PHASE_STRIP = YES;
				ENABLE_NS_ASSERTIONS = NO;
				ENABLE_STRICT_OBJC_MSGSEND = YES;
				GCC_C_LANGUAGE_STANDARD = gnu99;
				GCC_NO_COMMON_BLOCKS = YES;
				GCC_WARN_64_TO_32_BIT_CONVERSION = YES;
				GCC_WARN_ABOUT_RETURN_TYPE = YES_ERROR;
				GCC_WARN_UNDECLARED_SELECTOR = YES;
				GCC_WARN_UNINITIALIZED_AUTOS = YES_AGGRESSIVE;
				GCC_WARN_UNUSED_FUNCTION = YES;
				GCC_WARN_UNUSED_VARIABLE = YES;
				IPHONEOS_DEPLOYMENT_TARGET = 10.0;
				MTL_ENABLE_DEBUG_INFO = NO;
				SDKROOT = iphoneos;
				SWIFT_COMPILATION_MODE = wholemodule;
				TARGETED_DEVICE_FAMILY = "1,2";
				VALIDATE_PRODUCT = YES;
			};
			name = Release;
		};
		5E4993131993C55E008C9DE7 /* Debug */ = {
			isa = XCBuildConfiguration;
			buildSettings = {
				ASSETCATALOG_COMPILER_APPICON_NAME = AppIcon;
				ASSETCATALOG_COMPILER_LAUNCHIMAGE_NAME = LaunchImage;
				INFOPLIST_FILE = HelloMetal/Info.plist;
				LD_RUNPATH_SEARCH_PATHS = "$(inherited) @executable_path/Frameworks";
				PRODUCT_BUNDLE_IDENTIFIER = "com.edsalter.$(PRODUCT_NAME:rfc1034identifier)";
				PRODUCT_NAME = "$(TARGET_NAME)";
			};
			name = Debug;
		};
		5E4993141993C55E008C9DE7 /* Release */ = {
			isa = XCBuildConfiguration;
			buildSettings = {
				ASSETCATALOG_COMPILER_APPICON_NAME = AppIcon;
				ASSETCATALOG_COMPILER_LAUNCHIMAGE_NAME = LaunchImage;
				INFOPLIST_FILE = HelloMetal/Info.plist;
				LD_RUNPATH_SEARCH_PATHS = "$(inherited) @executable_path/Frameworks";
				PRODUCT_BUNDLE_IDENTIFIER = "com.edsalter.$(PRODUCT_NAME:rfc1034identifier)";
				PRODUCT_NAME = "$(TARGET_NAME)";
			};
			name = Release;
		};
		5E4993161993C55E008C9DE7 /* Debug */ = {
			isa = XCBuildConfiguration;
			buildSettings = {
				BUNDLE_LOADER = "$(TEST_HOST)";
				FRAMEWORK_SEARCH_PATHS = (
					"$(SDKROOT)/Developer/Library/Frameworks",
					"$(inherited)",
				);
				GCC_PREPROCESSOR_DEFINITIONS = (
					"DEBUG=1",
					"$(inherited)",
				);
				INFOPLIST_FILE = HelloMetalTests/Info.plist;
				LD_RUNPATH_SEARCH_PATHS = "$(inherited) @executable_path/Frameworks @loader_path/Frameworks";
				PRODUCT_BUNDLE_IDENTIFIER = "com.edsalter.$(PRODUCT_NAME:rfc1034identifier)";
				PRODUCT_NAME = "$(TARGET_NAME)";
				TEST_HOST = "$(BUILT_PRODUCTS_DIR)/HelloMetal.app/HelloMetal";
			};
			name = Debug;
		};
		5E4993171993C55E008C9DE7 /* Release */ = {
			isa = XCBuildConfiguration;
			buildSettings = {
				BUNDLE_LOADER = "$(TEST_HOST)";
				FRAMEWORK_SEARCH_PATHS = (
					"$(SDKROOT)/Developer/Library/Frameworks",
					"$(inherited)",
				);
				INFOPLIST_FILE = HelloMetalTests/Info.plist;
				LD_RUNPATH_SEARCH_PATHS = "$(inherited) @executable_path/Frameworks @loader_path/Frameworks";
				PRODUCT_BUNDLE_IDENTIFIER = "com.edsalter.$(PRODUCT_NAME:rfc1034identifier)";
				PRODUCT_NAME = "$(TARGET_NAME)";
				TEST_HOST = "$(BUILT_PRODUCTS_DIR)/HelloMetal.app/HelloMetal";
			};
			name = Release;
		};
/* End XCBuildConfiguration section */

/* Begin XCConfigurationList section */
		5E4992F11993C55E008C9DE7 /* Build configuration list for PBXProject "HelloMetal" */ = {
			isa = XCConfigurationList;
			buildConfigurations = (
				5E4993101993C55E008C9DE7 /* Debug */,
				5E4993111993C55E008C9DE7 /* Release */,
			);
			defaultConfigurationIsVisible = 0;
			defaultConfigurationName = Release;
		};
		5E4993121993C55E008C9DE7 /* Build configuration list for PBXNativeTarget "HelloMetal" */ = {
			isa = XCConfigurationList;
			buildConfigurations = (
				5E4993131993C55E008C9DE7 /* Debug */,
				5E4993141993C55E008C9DE7 /* Release */,
			);
			defaultConfigurationIsVisible = 0;
			defaultConfigurationName = Release;
		};
		5E4993151993C55E008C9DE7 /* Build configuration list for PBXNativeTarget "HelloMetalTests" */ = {
			isa = XCConfigurationList;
			buildConfigurations = (
				5E4993161993C55E008C9DE7 /* Debug */,
				5E4993171993C55E008C9DE7 /* Release */,
			);
			defaultConfigurationIsVisible = 0;
			defaultConfigurationName = Release;
		};
/* End XCConfigurationList section */
	};
	rootObject = 5E4992EE1993C55E008C9DE7 /* Project object */;
}
