// !$*UTF8*$!
{
	archiveVersion = 1;
	classes = {
	};
	objectVersion = 50;
	objects = {

/* Begin PBXBuildFile section */
		5ED3DEB62527D07400FE4D5F /* AppDelegate.swift in Sources */ = {isa = PBXBuildFile; fileRef = 5ED3DEB52527D07400FE4D5F /* AppDelegate.swift */; };
		5ED3DEB82527D07400FE4D5F /* SceneDelegate.swift in Sources */ = {isa = PBXBuildFile; fileRef = 5ED3DEB72527D07400FE4D5F /* SceneDelegate.swift */; };
		5ED3DEBA2527D07400FE4D5F /* ContentView.swift in Sources */ = {isa = PBXBuildFile; fileRef = 5ED3DEB92527D07400FE4D5F /* ContentView.swift */; };
		5ED3DEBC2527D07500FE4D5F /* Assets.xcassets in Resources */ = {isa = PBXBuildFile; fileRef = 5ED3DEBB2527D07500FE4D5F /* Assets.xcassets */; };
		5ED3DEBF2527D07500FE4D5F /* Preview Assets.xcassets in Resources */ = {isa = PBXBuildFile; fileRef = 5ED3DEBE2527D07500FE4D5F /* Preview Assets.xcassets */; };
		5ED3DEC22527D07500FE4D5F /* LaunchScreen.storyboard in Resources */ = {isa = PBXBuildFile; fileRef = 5ED3DEC02527D07500FE4D5F /* LaunchScreen.storyboard */; };
		5ED3DECD2527D07600FE4D5F /* NextTests.swift in Sources */ = {isa = PBXBuildFile; fileRef = 5ED3DECC2527D07600FE4D5F /* NextTests.swift */; };
		5ED3DED82527D07600FE4D5F /* NextUITests.swift in Sources */ = {isa = PBXBuildFile; fileRef = 5ED3DED72527D07600FE4D5F /* NextUITests.swift */; };
/* End PBXBuildFile section */

/* Begin PBXContainerItemProxy section */
		5ED3DEC92527D07600FE4D5F /* PBXContainerItemProxy */ = {
			isa = PBXContainerItemProxy;
			containerPortal = 5ED3DEAA2527D07400FE4D5F /* Project object */;
			proxyType = 1;
			remoteGlobalIDString = 5ED3DEB12527D07400FE4D5F;
			remoteInfo = Next;
		};
		5ED3DED42527D07600FE4D5F /* PBXContainerItemProxy */ = {
			isa = PBXContainerItemProxy;
			containerPortal = 5ED3DEAA2527D07400FE4D5F /* Project object */;
			proxyType = 1;
			remoteGlobalIDString = 5ED3DEB12527D07400FE4D5F;
			remoteInfo = Next;
		};
/* End PBXContainerItemProxy section */

/* Begin PBXFileReference section */
		5ED3DEB22527D07400FE4D5F /* Next.app */ = {isa = PBXFileReference; explicitFileType = wrapper.application; includeInIndex = 0; path = Next.app; sourceTree = BUILT_PRODUCTS_DIR; };
		5ED3DEB52527D07400FE4D5F /* AppDelegate.swift */ = {isa = PBXFileReference; lastKnownFileType = sourcecode.swift; path = AppDelegate.swift; sourceTree = "<group>"; };
		5ED3DEB72527D07400FE4D5F /* SceneDelegate.swift */ = {isa = PBXFileReference; lastKnownFileType = sourcecode.swift; path = SceneDelegate.swift; sourceTree = "<group>"; };
		5ED3DEB92527D07400FE4D5F /* ContentView.swift */ = {isa = PBXFileReference; lastKnownFileType = sourcecode.swift; path = ContentView.swift; sourceTree = "<group>"; };
		5ED3DEBB2527D07500FE4D5F /* Assets.xcassets */ = {isa = PBXFileReference; lastKnownFileType = folder.assetcatalog; path = Assets.xcassets; sourceTree = "<group>"; };
		5ED3DEBE2527D07500FE4D5F /* Preview Assets.xcassets */ = {isa = PBXFileReference; lastKnownFileType = folder.assetcatalog; path = "Preview Assets.xcassets"; sourceTree = "<group>"; };
		5ED3DEC12527D07500FE4D5F /* Base */ = {isa = PBXFileReference; lastKnownFileType = file.storyboard; name = Base; path = Base.lproj/LaunchScreen.storyboard; sourceTree = "<group>"; };
		5ED3DEC32527D07500FE4D5F /* Info.plist */ = {isa = PBXFileReference; lastKnownFileType = text.plist.xml; path = Info.plist; sourceTree = "<group>"; };
		5ED3DEC82527D07600FE4D5F /* NextTests.xctest */ = {isa = PBXFileReference; explicitFileType = wrapper.cfbundle; includeInIndex = 0; path = NextTests.xctest; sourceTree = BUILT_PRODUCTS_DIR; };
		5ED3DECC2527D07600FE4D5F /* NextTests.swift */ = {isa = PBXFileReference; lastKnownFileType = sourcecode.swift; path = NextTests.swift; sourceTree = "<group>"; };
		5ED3DECE2527D07600FE4D5F /* Info.plist */ = {isa = PBXFileReference; lastKnownFileType = text.plist.xml; path = Info.plist; sourceTree = "<group>"; };
		5ED3DED32527D07600FE4D5F /* NextUITests.xctest */ = {isa = PBXFileReference; explicitFileType = wrapper.cfbundle; includeInIndex = 0; path = NextUITests.xctest; sourceTree = BUILT_PRODUCTS_DIR; };
		5ED3DED72527D07600FE4D5F /* NextUITests.swift */ = {isa = PBXFileReference; lastKnownFileType = sourcecode.swift; path = NextUITests.swift; sourceTree = "<group>"; };
		5ED3DED92527D07600FE4D5F /* Info.plist */ = {isa = PBXFileReference; lastKnownFileType = text.plist.xml; path = Info.plist; sourceTree = "<group>"; };
/* End PBXFileReference section */

/* Begin PBXFrameworksBuildPhase section */
		5ED3DEAF2527D07400FE4D5F /* Frameworks */ = {
			isa = PBXFrameworksBuildPhase;
			buildActionMask = 2147483647;
			files = (
			);
			runOnlyForDeploymentPostprocessing = 0;
		};
		5ED3DEC52527D07600FE4D5F /* Frameworks */ = {
			isa = PBXFrameworksBuildPhase;
			buildActionMask = 2147483647;
			files = (
			);
			runOnlyForDeploymentPostprocessing = 0;
		};
		5ED3DED02527D07600FE4D5F /* Frameworks */ = {
			isa = PBXFrameworksBuildPhase;
			buildActionMask = 2147483647;
			files = (
			);
			runOnlyForDeploymentPostprocessing = 0;
		};
/* End PBXFrameworksBuildPhase section */

/* Begin PBXGroup section */
		5ED3DEA92527D07400FE4D5F = {
			isa = PBXGroup;
			children = (
				5ED3DEB42527D07400FE4D5F /* Next */,
				5ED3DECB2527D07600FE4D5F /* NextTests */,
				5ED3DED62527D07600FE4D5F /* NextUITests */,
				5ED3DEB32527D07400FE4D5F /* Products */,
			);
			sourceTree = "<group>";
		};
		5ED3DEB32527D07400FE4D5F /* Products */ = {
			isa = PBXGroup;
			children = (
				5ED3DEB22527D07400FE4D5F /* Next.app */,
				5ED3DEC82527D07600FE4D5F /* NextTests.xctest */,
				5ED3DED32527D07600FE4D5F /* NextUITests.xctest */,
			);
			name = Products;
			sourceTree = "<group>";
		};
		5ED3DEB42527D07400FE4D5F /* Next */ = {
			isa = PBXGroup;
			children = (
				5ED3DEB52527D07400FE4D5F /* AppDelegate.swift */,
				5ED3DEB72527D07400FE4D5F /* SceneDelegate.swift */,
				5ED3DEB92527D07400FE4D5F /* ContentView.swift */,
				5ED3DEBB2527D07500FE4D5F /* Assets.xcassets */,
				5ED3DEC02527D07500FE4D5F /* LaunchScreen.storyboard */,
				5ED3DEC32527D07500FE4D5F /* Info.plist */,
				5ED3DEBD2527D07500FE4D5F /* Preview Content */,
			);
			path = Next;
			sourceTree = "<group>";
		};
		5ED3DEBD2527D07500FE4D5F /* Preview Content */ = {
			isa = PBXGroup;
			children = (
				5ED3DEBE2527D07500FE4D5F /* Preview Assets.xcassets */,
			);
			path = "Preview Content";
			sourceTree = "<group>";
		};
		5ED3DECB2527D07600FE4D5F /* NextTests */ = {
			isa = PBXGroup;
			children = (
				5ED3DECC2527D07600FE4D5F /* NextTests.swift */,
				5ED3DECE2527D07600FE4D5F /* Info.plist */,
			);
			path = NextTests;
			sourceTree = "<group>";
		};
		5ED3DED62527D07600FE4D5F /* NextUITests */ = {
			isa = PBXGroup;
			children = (
				5ED3DED72527D07600FE4D5F /* NextUITests.swift */,
				5ED3DED92527D07600FE4D5F /* Info.plist */,
			);
			path = NextUITests;
			sourceTree = "<group>";
		};
/* End PBXGroup section */

/* Begin PBXNativeTarget section */
		5ED3DEB12527D07400FE4D5F /* Next */ = {
			isa = PBXNativeTarget;
			buildConfigurationList = 5ED3DEDC2527D07600FE4D5F /* Build configuration list for PBXNativeTarget "Next" */;
			buildPhases = (
				5ED3DEAE2527D07400FE4D5F /* Sources */,
				5ED3DEAF2527D07400FE4D5F /* Frameworks */,
				5ED3DEB02527D07400FE4D5F /* Resources */,
			);
			buildRules = (
			);
			dependencies = (
			);
			name = Next;
			productName = Next;
			productReference = 5ED3DEB22527D07400FE4D5F /* Next.app */;
			productType = "com.apple.product-type.application";
		};
		5ED3DEC72527D07600FE4D5F /* NextTests */ = {
			isa = PBXNativeTarget;
			buildConfigurationList = 5ED3DEDF2527D07600FE4D5F /* Build configuration list for PBXNativeTarget "NextTests" */;
			buildPhases = (
				5ED3DEC42527D07600FE4D5F /* Sources */,
				5ED3DEC52527D07600FE4D5F /* Frameworks */,
				5ED3DEC62527D07600FE4D5F /* Resources */,
			);
			buildRules = (
			);
			dependencies = (
				5ED3DECA2527D07600FE4D5F /* PBXTargetDependency */,
			);
			name = NextTests;
			productName = NextTests;
			productReference = 5ED3DEC82527D07600FE4D5F /* NextTests.xctest */;
			productType = "com.apple.product-type.bundle.unit-test";
		};
		5ED3DED22527D07600FE4D5F /* NextUITests */ = {
			isa = PBXNativeTarget;
			buildConfigurationList = 5ED3DEE22527D07600FE4D5F /* Build configuration list for PBXNativeTarget "NextUITests" */;
			buildPhases = (
				5ED3DECF2527D07600FE4D5F /* Sources */,
				5ED3DED02527D07600FE4D5F /* Frameworks */,
				5ED3DED12527D07600FE4D5F /* Resources */,
			);
			buildRules = (
			);
			dependencies = (
				5ED3DED52527D07600FE4D5F /* PBXTargetDependency */,
			);
			name = NextUITests;
			productName = NextUITests;
			productReference = 5ED3DED32527D07600FE4D5F /* NextUITests.xctest */;
			productType = "com.apple.product-type.bundle.ui-testing";
		};
/* End PBXNativeTarget section */

/* Begin PBXProject section */
		5ED3DEAA2527D07400FE4D5F /* Project object */ = {
			isa = PBXProject;
			attributes = {
				LastSwiftUpdateCheck = 1200;
				LastUpgradeCheck = 1200;
				TargetAttributes = {
					5ED3DEB12527D07400FE4D5F = {
						CreatedOnToolsVersion = 12.0;
					};
					5ED3DEC72527D07600FE4D5F = {
						CreatedOnToolsVersion = 12.0;
						TestTargetID = 5ED3DEB12527D07400FE4D5F;
					};
					5ED3DED22527D07600FE4D5F = {
						CreatedOnToolsVersion = 12.0;
						TestTargetID = 5ED3DEB12527D07400FE4D5F;
					};
				};
			};
			buildConfigurationList = 5ED3DEAD2527D07400FE4D5F /* Build configuration list for PBXProject "Next" */;
			compatibilityVersion = "Xcode 9.3";
			developmentRegion = en;
			hasScannedForEncodings = 0;
			knownRegions = (
				en,
				Base,
			);
			mainGroup = 5ED3DEA92527D07400FE4D5F;
			productRefGroup = 5ED3DEB32527D07400FE4D5F /* Products */;
			projectDirPath = "";
			projectRoot = "";
			targets = (
				5ED3DEB12527D07400FE4D5F /* Next */,
				5ED3DEC72527D07600FE4D5F /* NextTests */,
				5ED3DED22527D07600FE4D5F /* NextUITests */,
			);
		};
/* End PBXProject section */

/* Begin PBXResourcesBuildPhase section */
		5ED3DEB02527D07400FE4D5F /* Resources */ = {
			isa = PBXResourcesBuildPhase;
			buildActionMask = 2147483647;
			files = (
				5ED3DEC22527D07500FE4D5F /* LaunchScreen.storyboard in Resources */,
				5ED3DEBF2527D07500FE4D5F /* Preview Assets.xcassets in Resources */,
				5ED3DEBC2527D07500FE4D5F /* Assets.xcassets in Resources */,
			);
			runOnlyForDeploymentPostprocessing = 0;
		};
		5ED3DEC62527D07600FE4D5F /* Resources */ = {
			isa = PBXResourcesBuildPhase;
			buildActionMask = 2147483647;
			files = (
			);
			runOnlyForDeploymentPostprocessing = 0;
		};
		5ED3DED12527D07600FE4D5F /* Resources */ = {
			isa = PBXResourcesBuildPhase;
			buildActionMask = 2147483647;
			files = (
			);
			runOnlyForDeploymentPostprocessing = 0;
		};
/* End PBXResourcesBuildPhase section */

/* Begin PBXSourcesBuildPhase section */
		5ED3DEAE2527D07400FE4D5F /* Sources */ = {
			isa = PBXSourcesBuildPhase;
			buildActionMask = 2147483647;
			files = (
				5ED3DEB62527D07400FE4D5F /* AppDelegate.swift in Sources */,
				5ED3DEB82527D07400FE4D5F /* SceneDelegate.swift in Sources */,
				5ED3DEBA2527D07400FE4D5F /* ContentView.swift in Sources */,
			);
			runOnlyForDeploymentPostprocessing = 0;
		};
		5ED3DEC42527D07600FE4D5F /* Sources */ = {
			isa = PBXSourcesBuildPhase;
			buildActionMask = 2147483647;
			files = (
				5ED3DECD2527D07600FE4D5F /* NextTests.swift in Sources */,
			);
			runOnlyForDeploymentPostprocessing = 0;
		};
		5ED3DECF2527D07600FE4D5F /* Sources */ = {
			isa = PBXSourcesBuildPhase;
			buildActionMask = 2147483647;
			files = (
				5ED3DED82527D07600FE4D5F /* NextUITests.swift in Sources */,
			);
			runOnlyForDeploymentPostprocessing = 0;
		};
/* End PBXSourcesBuildPhase section */

/* Begin PBXTargetDependency section */
		5ED3DECA2527D07600FE4D5F /* PBXTargetDependency */ = {
			isa = PBXTargetDependency;
			target = 5ED3DEB12527D07400FE4D5F /* Next */;
			targetProxy = 5ED3DEC92527D07600FE4D5F /* PBXContainerItemProxy */;
		};
		5ED3DED52527D07600FE4D5F /* PBXTargetDependency */ = {
			isa = PBXTargetDependency;
			target = 5ED3DEB12527D07400FE4D5F /* Next */;
			targetProxy = 5ED3DED42527D07600FE4D5F /* PBXContainerItemProxy */;
		};
/* End PBXTargetDependency section */

/* Begin PBXVariantGroup section */
		5ED3DEC02527D07500FE4D5F /* LaunchScreen.storyboard */ = {
			isa = PBXVariantGroup;
			children = (
				5ED3DEC12527D07500FE4D5F /* Base */,
			);
			name = LaunchScreen.storyboard;
			sourceTree = "<group>";
		};
/* End PBXVariantGroup section */

/* Begin XCBuildConfiguration section */
		5ED3DEDA2527D07600FE4D5F /* Debug */ = {
			isa = XCBuildConfiguration;
			buildSettings = {
				ALWAYS_SEARCH_USER_PATHS = NO;
				CLANG_ANALYZER_NONNULL = YES;
				CLANG_ANALYZER_NUMBER_OBJECT_CONVERSION = YES_AGGRESSIVE;
				CLANG_CXX_LANGUAGE_STANDARD = "gnu++14";
				CLANG_CXX_LIBRARY = "libc++";
				CLANG_ENABLE_MODULES = YES;
				CLANG_ENABLE_OBJC_ARC = YES;
				CLANG_ENABLE_OBJC_WEAK = YES;
				CLANG_WARN_BLOCK_CAPTURE_AUTORELEASING = YES;
				CLANG_WARN_BOOL_CONVERSION = YES;
				CLANG_WARN_COMMA = YES;
				CLANG_WARN_CONSTANT_CONVERSION = YES;
				CLANG_WARN_DEPRECATED_OBJC_IMPLEMENTATIONS = YES;
				CLANG_WARN_DIRECT_OBJC_ISA_USAGE = YES_ERROR;
				CLANG_WARN_DOCUMENTATION_COMMENTS = YES;
				CLANG_WARN_EMPTY_BODY = YES;
				CLANG_WARN_ENUM_CONVERSION = YES;
				CLANG_WARN_INFINITE_RECURSION = YES;
				CLANG_WARN_INT_CONVERSION = YES;
				CLANG_WARN_NON_LITERAL_NULL_CONVERSION = YES;
				CLANG_WARN_OBJC_IMPLICIT_RETAIN_SELF = YES;
				CLANG_WARN_OBJC_LITERAL_CONVERSION = YES;
				CLANG_WARN_OBJC_ROOT_CLASS = YES_ERROR;
				CLANG_WARN_QUOTED_INCLUDE_IN_FRAMEWORK_HEADER = YES;
				CLANG_WARN_RANGE_LOOP_ANALYSIS = YES;
				CLANG_WARN_STRICT_PROTOTYPES = YES;
				CLANG_WARN_SUSPICIOUS_MOVE = YES;
				CLANG_WARN_UNGUARDED_AVAILABILITY = YES_AGGRESSIVE;
				CLANG_WARN_UNREACHABLE_CODE = YES;
				CLANG_WARN__DUPLICATE_METHOD_MATCH = YES;
				COPY_PHASE_STRIP = NO;
				DEBUG_INFORMATION_FORMAT = dwarf;
				ENABLE_STRICT_OBJC_MSGSEND = YES;
				ENABLE_TESTABILITY = YES;
				GCC_C_LANGUAGE_STANDARD = gnu11;
				GCC_DYNAMIC_NO_PIC = NO;
				GCC_NO_COMMON_BLOCKS = YES;
				GCC_OPTIMIZATION_LEVEL = 0;
				GCC_PREPROCESSOR_DEFINITIONS = (
					"DEBUG=1",
					"$(inherited)",
				);
				GCC_WARN_64_TO_32_BIT_CONVERSION = YES;
				GCC_WARN_ABOUT_RETURN_TYPE = YES_ERROR;
				GCC_WARN_UNDECLARED_SELECTOR = YES;
				GCC_WARN_UNINITIALIZED_AUTOS = YES_AGGRESSIVE;
				GCC_WARN_UNUSED_FUNCTION = YES;
				GCC_WARN_UNUSED_VARIABLE = YES;
				IPHONEOS_DEPLOYMENT_TARGET = 14.0;
				MTL_ENABLE_DEBUG_INFO = INCLUDE_SOURCE;
				MTL_FAST_MATH = YES;
				ONLY_ACTIVE_ARCH = YES;
				SDKROOT = iphoneos;
				SWIFT_ACTIVE_COMPILATION_CONDITIONS = DEBUG;
				SWIFT_OPTIMIZATION_LEVEL = "-Onone";
			};
			name = Debug;
		};
		5ED3DEDB2527D07600FE4D5F /* Release */ = {
			isa = XCBuildConfiguration;
			buildSettings = {
				ALWAYS_SEARCH_USER_PATHS = NO;
				CLANG_ANALYZER_NONNULL = YES;
				CLANG_ANALYZER_NUMBER_OBJECT_CONVERSION = YES_AGGRESSIVE;
				CLANG_CXX_LANGUAGE_STANDARD = "gnu++14";
				CLANG_CXX_LIBRARY = "libc++";
				CLANG_ENABLE_MODULES = YES;
				CLANG_ENABLE_OBJC_ARC = YES;
				CLANG_ENABLE_OBJC_WEAK = YES;
				CLANG_WARN_BLOCK_CAPTURE_AUTORELEASING = YES;
				CLANG_WARN_BOOL_CONVERSION = YES;
				CLANG_WARN_COMMA = YES;
				CLANG_WARN_CONSTANT_CONVERSION = YES;
				CLANG_WARN_DEPRECATED_OBJC_IMPLEMENTATIONS = YES;
				CLANG_WARN_DIRECT_OBJC_ISA_USAGE = YES_ERROR;
				CLANG_WARN_DOCUMENTATION_COMMENTS = YES;
				CLANG_WARN_EMPTY_BODY = YES;
				CLANG_WARN_ENUM_CONVERSION = YES;
				CLANG_WARN_INFINITE_RECURSION = YES;
				CLANG_WARN_INT_CONVERSION = YES;
				CLANG_WARN_NON_LITERAL_NULL_CONVERSION = YES;
				CLANG_WARN_OBJC_IMPLICIT_RETAIN_SELF = YES;
				CLANG_WARN_OBJC_LITERAL_CONVERSION = YES;
				CLANG_WARN_OBJC_ROOT_CLASS = YES_ERROR;
				CLANG_WARN_QUOTED_INCLUDE_IN_FRAMEWORK_HEADER = YES;
				CLANG_WARN_RANGE_LOOP_ANALYSIS = YES;
				CLANG_WARN_STRICT_PROTOTYPES = YES;
				CLANG_WARN_SUSPICIOUS_MOVE = YES;
				CLANG_WARN_UNGUARDED_AVAILABILITY = YES_AGGRESSIVE;
				CLANG_WARN_UNREACHABLE_CODE = YES;
				CLANG_WARN__DUPLICATE_METHOD_MATCH = YES;
				COPY_PHASE_STRIP = NO;
				DEBUG_INFORMATION_FORMAT = "dwarf-with-dsym";
				ENABLE_NS_ASSERTIONS = NO;
				ENABLE_STRICT_OBJC_MSGSEND = YES;
				GCC_C_LANGUAGE_STANDARD = gnu11;
				GCC_NO_COMMON_BLOCKS = YES;
				GCC_WARN_64_TO_32_BIT_CONVERSION = YES;
				GCC_WARN_ABOUT_RETURN_TYPE = YES_ERROR;
				GCC_WARN_UNDECLARED_SELECTOR = YES;
				GCC_WARN_UNINITIALIZED_AUTOS = YES_AGGRESSIVE;
				GCC_WARN_UNUSED_FUNCTION = YES;
				GCC_WARN_UNUSED_VARIABLE = YES;
				IPHONEOS_DEPLOYMENT_TARGET = 14.0;
				MTL_ENABLE_DEBUG_INFO = NO;
				MTL_FAST_MATH = YES;
				SDKROOT = iphoneos;
				SWIFT_COMPILATION_MODE = wholemodule;
				SWIFT_OPTIMIZATION_LEVEL = "-O";
				VALIDATE_PRODUCT = YES;
			};
			name = Release;
		};
		5ED3DEDD2527D07600FE4D5F /* Debug */ = {
			isa = XCBuildConfiguration;
			buildSettings = {
				ASSETCATALOG_COMPILER_APPICON_NAME = AppIcon;
				ASSETCATALOG_COMPILER_GLOBAL_ACCENT_COLOR_NAME = AccentColor;
				CODE_SIGN_STYLE = Automatic;
				DEVELOPMENT_ASSET_PATHS = "\"Next/Preview Content\"";
				DEVELOPMENT_TEAM = 5V8D34KHHF;
				ENABLE_PREVIEWS = YES;
				INFOPLIST_FILE = Next/Info.plist;
				LD_RUNPATH_SEARCH_PATHS = (
					"$(inherited)",
					"@executable_path/Frameworks",
				);
				PRODUCT_BUNDLE_IDENTIFIER = tech.theiosdev.Next;
				PRODUCT_NAME = "$(TARGET_NAME)";
				SWIFT_VERSION = 5.0;
				TARGETED_DEVICE_FAMILY = "1,2";
			};
			name = Debug;
		};
		5ED3DEDE2527D07600FE4D5F /* Release */ = {
			isa = XCBuildConfiguration;
			buildSettings = {
				ASSETCATALOG_COMPILER_APPICON_NAME = AppIcon;
				ASSETCATALOG_COMPILER_GLOBAL_ACCENT_COLOR_NAME = AccentColor;
				CODE_SIGN_STYLE = Automatic;
				DEVELOPMENT_ASSET_PATHS = "\"Next/Preview Content\"";
				DEVELOPMENT_TEAM = 5V8D34KHHF;
				ENABLE_PREVIEWS = YES;
				INFOPLIST_FILE = Next/Info.plist;
				LD_RUNPATH_SEARCH_PATHS = (
					"$(inherited)",
					"@executable_path/Frameworks",
				);
				PRODUCT_BUNDLE_IDENTIFIER = tech.theiosdev.Next;
				PRODUCT_NAME = "$(TARGET_NAME)";
				SWIFT_VERSION = 5.0;
				TARGETED_DEVICE_FAMILY = "1,2";
			};
			name = Release;
		};
		5ED3DEE02527D07600FE4D5F /* Debug */ = {
			isa = XCBuildConfiguration;
			buildSettings = {
				ALWAYS_EMBED_SWIFT_STANDARD_LIBRARIES = YES;
				BUNDLE_LOADER = "$(TEST_HOST)";
				CODE_SIGN_STYLE = Automatic;
				DEVELOPMENT_TEAM = 5V8D34KHHF;
				INFOPLIST_FILE = NextTests/Info.plist;
				IPHONEOS_DEPLOYMENT_TARGET = 14.0;
				LD_RUNPATH_SEARCH_PATHS = (
					"$(inherited)",
					"@executable_path/Frameworks",
					"@loader_path/Frameworks",
				);
				PRODUCT_BUNDLE_IDENTIFIER = tech.theiosdev.NextTests;
				PRODUCT_NAME = "$(TARGET_NAME)";
				SWIFT_VERSION = 5.0;
				TARGETED_DEVICE_FAMILY = "1,2";
				TEST_HOST = "$(BUILT_PRODUCTS_DIR)/Next.app/Next";
			};
			name = Debug;
		};
		5ED3DEE12527D07600FE4D5F /* Release */ = {
			isa = XCBuildConfiguration;
			buildSettings = {
				ALWAYS_EMBED_SWIFT_STANDARD_LIBRARIES = YES;
				BUNDLE_LOADER = "$(TEST_HOST)";
				CODE_SIGN_STYLE = Automatic;
				DEVELOPMENT_TEAM = 5V8D34KHHF;
				INFOPLIST_FILE = NextTests/Info.plist;
				IPHONEOS_DEPLOYMENT_TARGET = 14.0;
				LD_RUNPATH_SEARCH_PATHS = (
					"$(inherited)",
					"@executable_path/Frameworks",
					"@loader_path/Frameworks",
				);
				PRODUCT_BUNDLE_IDENTIFIER = tech.theiosdev.NextTests;
				PRODUCT_NAME = "$(TARGET_NAME)";
				SWIFT_VERSION = 5.0;
				TARGETED_DEVICE_FAMILY = "1,2";
				TEST_HOST = "$(BUILT_PRODUCTS_DIR)/Next.app/Next";
			};
			name = Release;
		};
		5ED3DEE32527D07600FE4D5F /* Debug */ = {
			isa = XCBuildConfiguration;
			buildSettings = {
				ALWAYS_EMBED_SWIFT_STANDARD_LIBRARIES = YES;
				CODE_SIGN_STYLE = Automatic;
				DEVELOPMENT_TEAM = 5V8D34KHHF;
				INFOPLIST_FILE = NextUITests/Info.plist;
				LD_RUNPATH_SEARCH_PATHS = (
					"$(inherited)",
					"@executable_path/Frameworks",
					"@loader_path/Frameworks",
				);
				PRODUCT_BUNDLE_IDENTIFIER = tech.theiosdev.NextUITests;
				PRODUCT_NAME = "$(TARGET_NAME)";
				SWIFT_VERSION = 5.0;
				TARGETED_DEVICE_FAMILY = "1,2";
				TEST_TARGET_NAME = Next;
			};
			name = Debug;
		};
		5ED3DEE42527D07600FE4D5F /* Release */ = {
			isa = XCBuildConfiguration;
			buildSettings = {
				ALWAYS_EMBED_SWIFT_STANDARD_LIBRARIES = YES;
				CODE_SIGN_STYLE = Automatic;
				DEVELOPMENT_TEAM = 5V8D34KHHF;
				INFOPLIST_FILE = NextUITests/Info.plist;
				LD_RUNPATH_SEARCH_PATHS = (
					"$(inherited)",
					"@executable_path/Frameworks",
					"@loader_path/Frameworks",
				);
				PRODUCT_BUNDLE_IDENTIFIER = tech.theiosdev.NextUITests;
				PRODUCT_NAME = "$(TARGET_NAME)";
				SWIFT_VERSION = 5.0;
				TARGETED_DEVICE_FAMILY = "1,2";
				TEST_TARGET_NAME = Next;
			};
			name = Release;
		};
/* End XCBuildConfiguration section */

/* Begin XCConfigurationList section */
		5ED3DEAD2527D07400FE4D5F /* Build configuration list for PBXProject "Next" */ = {
			isa = XCConfigurationList;
			buildConfigurations = (
				5ED3DEDA2527D07600FE4D5F /* Debug */,
				5ED3DEDB2527D07600FE4D5F /* Release */,
			);
			defaultConfigurationIsVisible = 0;
			defaultConfigurationName = Release;
		};
		5ED3DEDC2527D07600FE4D5F /* Build configuration list for PBXNativeTarget "Next" */ = {
			isa = XCConfigurationList;
			buildConfigurations = (
				5ED3DEDD2527D07600FE4D5F /* Debug */,
				5ED3DEDE2527D07600FE4D5F /* Release */,
			);
			defaultConfigurationIsVisible = 0;
			defaultConfigurationName = Release;
		};
		5ED3DEDF2527D07600FE4D5F /* Build configuration list for PBXNativeTarget "NextTests" */ = {
			isa = XCConfigurationList;
			buildConfigurations = (
				5ED3DEE02527D07600FE4D5F /* Debug */,
				5ED3DEE12527D07600FE4D5F /* Release */,
			);
			defaultConfigurationIsVisible = 0;
			defaultConfigurationName = Release;
		};
		5ED3DEE22527D07600FE4D5F /* Build configuration list for PBXNativeTarget "NextUITests" */ = {
			isa = XCConfigurationList;
			buildConfigurations = (
				5ED3DEE32527D07600FE4D5F /* Debug */,
				5ED3DEE42527D07600FE4D5F /* Release */,
			);
			defaultConfigurationIsVisible = 0;
			defaultConfigurationName = Release;
		};
/* End XCConfigurationList section */
	};
	rootObject = 5ED3DEAA2527D07400FE4D5F /* Project object */;
}
